
Microsoft Visual Studio Solution File, Format Version 12.00
# Visual Studio Version 16
VisualStudioVersion = 16.0.32106.194
MinimumVisualStudioVersion = 10.0.40219.1
Project("{2150E333-8FDC-42A3-9474-1A3956D46DE8}") = "ShopManagement", "ShopManagement", "{D4B8FE6B-1603-41D3-8678-4D19DC24535D}"
EndProject
Project("{2150E333-8FDC-42A3-9474-1A3956D46DE8}") = "SM.Domain", "SM.Domain", "{E65BCAD8-ACC9-4CB5-8140-1753418A7085}"
EndProject
Project("{9A19103F-16F7-4668-BE54-9A1E7A4F7556}") = "ShopManagement.Domain", "ShopManagement.Domain\ShopManagement.Domain.csproj", "{7FECBD1B-C5F0-491A-9E98-5D995EE68062}"
EndProject
Project("{9A19103F-16F7-4668-BE54-9A1E7A4F7556}") = "0_Framework", "0_Framework\0_Framework.csproj", "{854D5C7F-82C5-40A0-94C7-CD44379C0EBB}"
EndProject
Project("{2150E333-8FDC-42A3-9474-1A3956D46DE8}") = "SM.Application", "SM.Application", "{6BF2228C-E225-4BB0-B08A-FD3BB3584F64}"
EndProject
Project("{9A19103F-16F7-4668-BE54-9A1E7A4F7556}") = "ShopManagement.Application.Contracts", "ShopManagement.Application.Contracts\ShopManagement.Application.Contracts.csproj", "{98143ABF-BB45-49B4-87B7-AA4E08F9F802}"
EndProject
Project("{9A19103F-16F7-4668-BE54-9A1E7A4F7556}") = "ShopManagement.Application", "ShopManagement.Application\ShopManagement.Application.csproj", "{28C686B4-184A-4160-89F0-A4F2D76889A3}"
EndProject
Project("{2150E333-8FDC-42A3-9474-1A3956D46DE8}") = "SM.Infrastructure", "SM.Infrastructure", "{AFA063BE-BB96-4F88-945C-335E2D0F9949}"
EndProject
Project("{9A19103F-16F7-4668-BE54-9A1E7A4F7556}") = "ShopManagement.Infrastructure.EfCore", "ShopManagement.Infrastructure.EfCore\ShopManagement.Infrastructure.EfCore.csproj", "{84085F90-B32A-45FB-82B6-C7522893E9CA}"
EndProject
Project("{9A19103F-16F7-4668-BE54-9A1E7A4F7556}") = "ShopManagement.Configuration", "ShopManagement.Configuration\ShopManagement.Configuration.csproj", "{A463FC91-F115-4495-A2F9-A2C6C12D3676}"
EndProject
Project("{9A19103F-16F7-4668-BE54-9A1E7A4F7556}") = "ServiceHost", "ServiceHost\ServiceHost.csproj", "{5C510DAE-1CF4-4728-935F-C61D568113AF}"
EndProject
Project("{9A19103F-16F7-4668-BE54-9A1E7A4F7556}") = "_01_Query", "01_Query\_01_Query.csproj", "{DFC70689-672C-4F8A-A90E-1FB5F071CA5D}"
EndProject
Project("{2150E333-8FDC-42A3-9474-1A3956D46DE8}") = "DiscountManagement", "DiscountManagement", "{B88CD51A-10BF-424B-A029-399B6BCF1AE1}"
EndProject
Project("{2150E333-8FDC-42A3-9474-1A3956D46DE8}") = "DM.Domain", "DM.Domain", "{432DFFA6-A7FA-49F5-A347-109AF8FD6F8D}"
EndProject
Project("{2150E333-8FDC-42A3-9474-1A3956D46DE8}") = "DM.Application", "DM.Application", "{8E192F88-4099-4B20-B77F-8C7E3C726281}"
EndProject
Project("{2150E333-8FDC-42A3-9474-1A3956D46DE8}") = "DM.Infrastructure", "DM.Infrastructure", "{1BB9BBF1-57E6-4015-9CA1-1BD7DFD33B62}"
EndProject
Project("{9A19103F-16F7-4668-BE54-9A1E7A4F7556}") = "DiscountManagement.Domain", "DiscountManagement.Domain\DiscountManagement.Domain.csproj", "{498E725C-AB77-4175-8C6D-4E9118211F5D}"
EndProject
Project("{9A19103F-16F7-4668-BE54-9A1E7A4F7556}") = "DiscountManagement.Application.Contracts", "DiscountManagement.Application.Contracts\DiscountManagement.Application.Contracts.csproj", "{E0796D74-18FD-490E-B339-BEC9C1F65F98}"
EndProject
Project("{9A19103F-16F7-4668-BE54-9A1E7A4F7556}") = "DiscountManagement.Application", "DiscountManagement.Application\DiscountManagement.Application.csproj", "{7070DF72-315E-44A5-892E-A9D73D45EBE2}"
EndProject
Project("{9A19103F-16F7-4668-BE54-9A1E7A4F7556}") = "DiscountManagement.Infrastructure.EfCore", "DiscountManagement.Infrastructure.EfCore\DiscountManagement.Infrastructure.EfCore.csproj", "{8FBCAD89-DA31-47FD-B5B5-0C64399D864E}"
EndProject
Project("{9A19103F-16F7-4668-BE54-9A1E7A4F7556}") = "DiscountManagement.Configuration", "DiscountManagement.Configuration\DiscountManagement.Configuration.csproj", "{EBAF98DE-C8FC-48F7-85D6-A4AE89A6D695}"
EndProject
Project("{2150E333-8FDC-42A3-9474-1A3956D46DE8}") = "InventoryManagement", "InventoryManagement", "{2C87C2A2-999C-46A4-B874-E9EB96DA1586}"
EndProject
Project("{2150E333-8FDC-42A3-9474-1A3956D46DE8}") = "IM.Domain", "IM.Domain", "{67FE3FD7-E41E-4E5B-9DFD-2053BAC3460C}"
EndProject
Project("{9A19103F-16F7-4668-BE54-9A1E7A4F7556}") = "InventoryManagement.Domain", "InventoryManagement.Domain\InventoryManagement.Domain.csproj", "{4837915C-0306-4FF5-A4ED-4EC11AC320C9}"
EndProject
Project("{2150E333-8FDC-42A3-9474-1A3956D46DE8}") = "IM.Application", "IM.Application", "{2BB29A80-9BFF-4433-9772-49F37620860A}"
EndProject
Project("{9A19103F-16F7-4668-BE54-9A1E7A4F7556}") = "InventoryManagement.Application.Contracts", "InventoryManagement.Application.Contracts\InventoryManagement.Application.Contracts.csproj", "{474F0A5B-C20F-442E-BC38-FB1B0694A072}"
EndProject
Project("{2150E333-8FDC-42A3-9474-1A3956D46DE8}") = "IM.Infrastructure", "IM.Infrastructure", "{5AAFAF49-8B8D-46E0-9C1A-E84DA420553A}"
EndProject
Project("{9A19103F-16F7-4668-BE54-9A1E7A4F7556}") = "InventoryManagement.Infrastructure.EfCore", "InventoryManagement.Infrastructure.EfCore\InventoryManagement.Infrastructure.EfCore.csproj", "{38193FC6-B34C-47EB-92CB-BB6E5781E320}"
EndProject
Project("{9A19103F-16F7-4668-BE54-9A1E7A4F7556}") = "InventoryManagement.Infrastructure.Configuration", "InventoryManagement.Infrastructure.Configuration\InventoryManagement.Infrastructure.Configuration.csproj", "{6F0D5378-BA2D-4008-B487-921C6B584BD4}"
EndProject
Project("{9A19103F-16F7-4668-BE54-9A1E7A4F7556}") = "InventoryManagement.Application", "InventoryManagement.Application\InventoryManagement.Application.csproj", "{00066ACD-E190-4FC8-87FA-193B4E2CEED5}"
EndProject
Project("{2150E333-8FDC-42A3-9474-1A3956D46DE8}") = "BlogManagement", "BlogManagement", "{B8C7DF8C-1435-4C0E-A0B8-710A159D907E}"
EndProject
Project("{2150E333-8FDC-42A3-9474-1A3956D46DE8}") = "BM.Domain", "BM.Domain", "{A69315BD-35B1-4459-99E7-0E2554240795}"
EndProject
Project("{9A19103F-16F7-4668-BE54-9A1E7A4F7556}") = "BlogManagement.Domain", "BlogManagement.Domain\BlogManagement.Domain.csproj", "{9AB76815-6830-4AB2-B599-F8D2E81C1F44}"
EndProject
Project("{2150E333-8FDC-42A3-9474-1A3956D46DE8}") = "BM.Application", "BM.Application", "{E4FCBE91-789D-48EC-ACEC-BF44A9551910}"
EndProject
Project("{9A19103F-16F7-4668-BE54-9A1E7A4F7556}") = "BlogManagement.Application.Contracts", "BlogManagement.Application.Contracts\BlogManagement.Application.Contracts.csproj", "{DDF51F3F-04B0-46D6-AF56-8653F824B86E}"
EndProject
Project("{9A19103F-16F7-4668-BE54-9A1E7A4F7556}") = "BlogManagement.Application", "BlogManagement.Application\BlogManagement.Application.csproj", "{16ABA936-6BE2-4E20-BB95-3848B8BA3650}"
EndProject
Project("{2150E333-8FDC-42A3-9474-1A3956D46DE8}") = "BM.Infrastructure", "BM.Infrastructure", "{BC08954C-6F46-4B4E-B80B-F75BB11B54C4}"
EndProject
Project("{9A19103F-16F7-4668-BE54-9A1E7A4F7556}") = "BlogManagement.Infrastructure.EfCore", "BlogManagement.Infrastructure.EfCore\BlogManagement.Infrastructure.EfCore.csproj", "{3F4D865D-1A04-4BA0-BF36-7481E78DEAF5}"
EndProject
Project("{9A19103F-16F7-4668-BE54-9A1E7A4F7556}") = "BlogManagement.Infrastructure.Configuration", "BlogManagement.Infrastructure.Configuration\BlogManagement.Infrastructure.Configuration.csproj", "{B92CED72-656D-4615-940D-502F3AF5B086}"
EndProject
Global
	GlobalSection(SolutionConfigurationPlatforms) = preSolution
		Debug|Any CPU = Debug|Any CPU
		Release|Any CPU = Release|Any CPU
	EndGlobalSection
	GlobalSection(ProjectConfigurationPlatforms) = postSolution
		{7FECBD1B-C5F0-491A-9E98-5D995EE68062}.Debug|Any CPU.ActiveCfg = Debug|Any CPU
		{7FECBD1B-C5F0-491A-9E98-5D995EE68062}.Debug|Any CPU.Build.0 = Debug|Any CPU
		{7FECBD1B-C5F0-491A-9E98-5D995EE68062}.Release|Any CPU.ActiveCfg = Release|Any CPU
		{7FECBD1B-C5F0-491A-9E98-5D995EE68062}.Release|Any CPU.Build.0 = Release|Any CPU
		{854D5C7F-82C5-40A0-94C7-CD44379C0EBB}.Debug|Any CPU.ActiveCfg = Debug|Any CPU
		{854D5C7F-82C5-40A0-94C7-CD44379C0EBB}.Debug|Any CPU.Build.0 = Debug|Any CPU
		{854D5C7F-82C5-40A0-94C7-CD44379C0EBB}.Release|Any CPU.ActiveCfg = Release|Any CPU
		{854D5C7F-82C5-40A0-94C7-CD44379C0EBB}.Release|Any CPU.Build.0 = Release|Any CPU
		{98143ABF-BB45-49B4-87B7-AA4E08F9F802}.Debug|Any CPU.ActiveCfg = Debug|Any CPU
		{98143ABF-BB45-49B4-87B7-AA4E08F9F802}.Debug|Any CPU.Build.0 = Debug|Any CPU
		{98143ABF-BB45-49B4-87B7-AA4E08F9F802}.Release|Any CPU.ActiveCfg = Release|Any CPU
		{98143ABF-BB45-49B4-87B7-AA4E08F9F802}.Release|Any CPU.Build.0 = Release|Any CPU
		{28C686B4-184A-4160-89F0-A4F2D76889A3}.Debug|Any CPU.ActiveCfg = Debug|Any CPU
		{28C686B4-184A-4160-89F0-A4F2D76889A3}.Debug|Any CPU.Build.0 = Debug|Any CPU
		{28C686B4-184A-4160-89F0-A4F2D76889A3}.Release|Any CPU.ActiveCfg = Release|Any CPU
		{28C686B4-184A-4160-89F0-A4F2D76889A3}.Release|Any CPU.Build.0 = Release|Any CPU
		{84085F90-B32A-45FB-82B6-C7522893E9CA}.Debug|Any CPU.ActiveCfg = Debug|Any CPU
		{84085F90-B32A-45FB-82B6-C7522893E9CA}.Debug|Any CPU.Build.0 = Debug|Any CPU
		{84085F90-B32A-45FB-82B6-C7522893E9CA}.Release|Any CPU.ActiveCfg = Release|Any CPU
		{84085F90-B32A-45FB-82B6-C7522893E9CA}.Release|Any CPU.Build.0 = Release|Any CPU
		{A463FC91-F115-4495-A2F9-A2C6C12D3676}.Debug|Any CPU.ActiveCfg = Debug|Any CPU
		{A463FC91-F115-4495-A2F9-A2C6C12D3676}.Debug|Any CPU.Build.0 = Debug|Any CPU
		{A463FC91-F115-4495-A2F9-A2C6C12D3676}.Release|Any CPU.ActiveCfg = Release|Any CPU
		{A463FC91-F115-4495-A2F9-A2C6C12D3676}.Release|Any CPU.Build.0 = Release|Any CPU
		{5C510DAE-1CF4-4728-935F-C61D568113AF}.Debug|Any CPU.ActiveCfg = Debug|Any CPU
		{5C510DAE-1CF4-4728-935F-C61D568113AF}.Debug|Any CPU.Build.0 = Debug|Any CPU
		{5C510DAE-1CF4-4728-935F-C61D568113AF}.Release|Any CPU.ActiveCfg = Release|Any CPU
		{5C510DAE-1CF4-4728-935F-C61D568113AF}.Release|Any CPU.Build.0 = Release|Any CPU
		{DFC70689-672C-4F8A-A90E-1FB5F071CA5D}.Debug|Any CPU.ActiveCfg = Debug|Any CPU
		{DFC70689-672C-4F8A-A90E-1FB5F071CA5D}.Debug|Any CPU.Build.0 = Debug|Any CPU
		{DFC70689-672C-4F8A-A90E-1FB5F071CA5D}.Release|Any CPU.ActiveCfg = Release|Any CPU
		{DFC70689-672C-4F8A-A90E-1FB5F071CA5D}.Release|Any CPU.Build.0 = Release|Any CPU
		{498E725C-AB77-4175-8C6D-4E9118211F5D}.Debug|Any CPU.ActiveCfg = Debug|Any CPU
		{498E725C-AB77-4175-8C6D-4E9118211F5D}.Debug|Any CPU.Build.0 = Debug|Any CPU
		{498E725C-AB77-4175-8C6D-4E9118211F5D}.Release|Any CPU.ActiveCfg = Release|Any CPU
		{498E725C-AB77-4175-8C6D-4E9118211F5D}.Release|Any CPU.Build.0 = Release|Any CPU
		{E0796D74-18FD-490E-B339-BEC9C1F65F98}.Debug|Any CPU.ActiveCfg = Debug|Any CPU
		{E0796D74-18FD-490E-B339-BEC9C1F65F98}.Debug|Any CPU.Build.0 = Debug|Any CPU
		{E0796D74-18FD-490E-B339-BEC9C1F65F98}.Release|Any CPU.ActiveCfg = Release|Any CPU
		{E0796D74-18FD-490E-B339-BEC9C1F65F98}.Release|Any CPU.Build.0 = Release|Any CPU
		{7070DF72-315E-44A5-892E-A9D73D45EBE2}.Debug|Any CPU.ActiveCfg = Debug|Any CPU
		{7070DF72-315E-44A5-892E-A9D73D45EBE2}.Debug|Any CPU.Build.0 = Debug|Any CPU
		{7070DF72-315E-44A5-892E-A9D73D45EBE2}.Release|Any CPU.ActiveCfg = Release|Any CPU
		{7070DF72-315E-44A5-892E-A9D73D45EBE2}.Release|Any CPU.Build.0 = Release|Any CPU
		{8FBCAD89-DA31-47FD-B5B5-0C64399D864E}.Debug|Any CPU.ActiveCfg = Debug|Any CPU
		{8FBCAD89-DA31-47FD-B5B5-0C64399D864E}.Debug|Any CPU.Build.0 = Debug|Any CPU
		{8FBCAD89-DA31-47FD-B5B5-0C64399D864E}.Release|Any CPU.ActiveCfg = Release|Any CPU
		{8FBCAD89-DA31-47FD-B5B5-0C64399D864E}.Release|Any CPU.Build.0 = Release|Any CPU
		{EBAF98DE-C8FC-48F7-85D6-A4AE89A6D695}.Debug|Any CPU.ActiveCfg = Debug|Any CPU
		{EBAF98DE-C8FC-48F7-85D6-A4AE89A6D695}.Debug|Any CPU.Build.0 = Debug|Any CPU
		{EBAF98DE-C8FC-48F7-85D6-A4AE89A6D695}.Release|Any CPU.ActiveCfg = Release|Any CPU
		{EBAF98DE-C8FC-48F7-85D6-A4AE89A6D695}.Release|Any CPU.Build.0 = Release|Any CPU
		{4837915C-0306-4FF5-A4ED-4EC11AC320C9}.Debug|Any CPU.ActiveCfg = Debug|Any CPU
		{4837915C-0306-4FF5-A4ED-4EC11AC320C9}.Debug|Any CPU.Build.0 = Debug|Any CPU
		{4837915C-0306-4FF5-A4ED-4EC11AC320C9}.Release|Any CPU.ActiveCfg = Release|Any CPU
		{4837915C-0306-4FF5-A4ED-4EC11AC320C9}.Release|Any CPU.Build.0 = Release|Any CPU
		{474F0A5B-C20F-442E-BC38-FB1B0694A072}.Debug|Any CPU.ActiveCfg = Debug|Any CPU
		{474F0A5B-C20F-442E-BC38-FB1B0694A072}.Debug|Any CPU.Build.0 = Debug|Any CPU
		{474F0A5B-C20F-442E-BC38-FB1B0694A072}.Release|Any CPU.ActiveCfg = Release|Any CPU
		{474F0A5B-C20F-442E-BC38-FB1B0694A072}.Release|Any CPU.Build.0 = Release|Any CPU
		{38193FC6-B34C-47EB-92CB-BB6E5781E320}.Debug|Any CPU.ActiveCfg = Debug|Any CPU
		{38193FC6-B34C-47EB-92CB-BB6E5781E320}.Debug|Any CPU.Build.0 = Debug|Any CPU
		{38193FC6-B34C-47EB-92CB-BB6E5781E320}.Release|Any CPU.ActiveCfg = Release|Any CPU
		{38193FC6-B34C-47EB-92CB-BB6E5781E320}.Release|Any CPU.Build.0 = Release|Any CPU
		{6F0D5378-BA2D-4008-B487-921C6B584BD4}.Debug|Any CPU.ActiveCfg = Debug|Any CPU
		{6F0D5378-BA2D-4008-B487-921C6B584BD4}.Debug|Any CPU.Build.0 = Debug|Any CPU
		{6F0D5378-BA2D-4008-B487-921C6B584BD4}.Release|Any CPU.ActiveCfg = Release|Any CPU
		{6F0D5378-BA2D-4008-B487-921C6B584BD4}.Release|Any CPU.Build.0 = Release|Any CPU
		{00066ACD-E190-4FC8-87FA-193B4E2CEED5}.Debug|Any CPU.ActiveCfg = Debug|Any CPU
		{00066ACD-E190-4FC8-87FA-193B4E2CEED5}.Debug|Any CPU.Build.0 = Debug|Any CPU
		{00066ACD-E190-4FC8-87FA-193B4E2CEED5}.Release|Any CPU.ActiveCfg = Release|Any CPU
		{00066ACD-E190-4FC8-87FA-193B4E2CEED5}.Release|Any CPU.Build.0 = Release|Any CPU
		{9AB76815-6830-4AB2-B599-F8D2E81C1F44}.Debug|Any CPU.ActiveCfg = Debug|Any CPU
		{9AB76815-6830-4AB2-B599-F8D2E81C1F44}.Debug|Any CPU.Build.0 = Debug|Any CPU
		{9AB76815-6830-4AB2-B599-F8D2E81C1F44}.Release|Any CPU.ActiveCfg = Release|Any CPU
		{9AB76815-6830-4AB2-B599-F8D2E81C1F44}.Release|Any CPU.Build.0 = Release|Any CPU
		{DDF51F3F-04B0-46D6-AF56-8653F824B86E}.Debug|Any CPU.ActiveCfg = Debug|Any CPU
		{DDF51F3F-04B0-46D6-AF56-8653F824B86E}.Debug|Any CPU.Build.0 = Debug|Any CPU
		{DDF51F3F-04B0-46D6-AF56-8653F824B86E}.Release|Any CPU.ActiveCfg = Release|Any CPU
		{DDF51F3F-04B0-46D6-AF56-8653F824B86E}.Release|Any CPU.Build.0 = Release|Any CPU
		{16ABA936-6BE2-4E20-BB95-3848B8BA3650}.Debug|Any CPU.ActiveCfg = Debug|Any CPU
		{16ABA936-6BE2-4E20-BB95-3848B8BA3650}.Debug|Any CPU.Build.0 = Debug|Any CPU
		{16ABA936-6BE2-4E20-BB95-3848B8BA3650}.Release|Any CPU.ActiveCfg = Release|Any CPU
		{16ABA936-6BE2-4E20-BB95-3848B8BA3650}.Release|Any CPU.Build.0 = Release|Any CPU
		{3F4D865D-1A04-4BA0-BF36-7481E78DEAF5}.Debug|Any CPU.ActiveCfg = Debug|Any CPU
		{3F4D865D-1A04-4BA0-BF36-7481E78DEAF5}.Debug|Any CPU.Build.0 = Debug|Any CPU
		{3F4D865D-1A04-4BA0-BF36-7481E78DEAF5}.Release|Any CPU.ActiveCfg = Release|Any CPU
		{3F4D865D-1A04-4BA0-BF36-7481E78DEAF5}.Release|Any CPU.Build.0 = Release|Any CPU
		{B92CED72-656D-4615-940D-502F3AF5B086}.Debug|Any CPU.ActiveCfg = Debug|Any CPU
		{B92CED72-656D-4615-940D-502F3AF5B086}.Debug|Any CPU.Build.0 = Debug|Any CPU
		{B92CED72-656D-4615-940D-502F3AF5B086}.Release|Any CPU.ActiveCfg = Release|Any CPU
		{B92CED72-656D-4615-940D-502F3AF5B086}.Release|Any CPU.Build.0 = Release|Any CPU
	EndGlobalSection
	GlobalSection(SolutionProperties) = preSolution
		HideSolutionNode = FALSE
	EndGlobalSection
	GlobalSection(NestedProjects) = preSolution
		{E65BCAD8-ACC9-4CB5-8140-1753418A7085} = {D4B8FE6B-1603-41D3-8678-4D19DC24535D}
		{7FECBD1B-C5F0-491A-9E98-5D995EE68062} = {E65BCAD8-ACC9-4CB5-8140-1753418A7085}
		{6BF2228C-E225-4BB0-B08A-FD3BB3584F64} = {D4B8FE6B-1603-41D3-8678-4D19DC24535D}
		{98143ABF-BB45-49B4-87B7-AA4E08F9F802} = {6BF2228C-E225-4BB0-B08A-FD3BB3584F64}
		{28C686B4-184A-4160-89F0-A4F2D76889A3} = {6BF2228C-E225-4BB0-B08A-FD3BB3584F64}
		{AFA063BE-BB96-4F88-945C-335E2D0F9949} = {D4B8FE6B-1603-41D3-8678-4D19DC24535D}
		{84085F90-B32A-45FB-82B6-C7522893E9CA} = {AFA063BE-BB96-4F88-945C-335E2D0F9949}
		{A463FC91-F115-4495-A2F9-A2C6C12D3676} = {AFA063BE-BB96-4F88-945C-335E2D0F9949}
		{432DFFA6-A7FA-49F5-A347-109AF8FD6F8D} = {B88CD51A-10BF-424B-A029-399B6BCF1AE1}
		{8E192F88-4099-4B20-B77F-8C7E3C726281} = {B88CD51A-10BF-424B-A029-399B6BCF1AE1}
		{1BB9BBF1-57E6-4015-9CA1-1BD7DFD33B62} = {B88CD51A-10BF-424B-A029-399B6BCF1AE1}
		{498E725C-AB77-4175-8C6D-4E9118211F5D} = {432DFFA6-A7FA-49F5-A347-109AF8FD6F8D}
		{E0796D74-18FD-490E-B339-BEC9C1F65F98} = {8E192F88-4099-4B20-B77F-8C7E3C726281}
		{7070DF72-315E-44A5-892E-A9D73D45EBE2} = {8E192F88-4099-4B20-B77F-8C7E3C726281}
		{8FBCAD89-DA31-47FD-B5B5-0C64399D864E} = {1BB9BBF1-57E6-4015-9CA1-1BD7DFD33B62}
		{EBAF98DE-C8FC-48F7-85D6-A4AE89A6D695} = {1BB9BBF1-57E6-4015-9CA1-1BD7DFD33B62}
		{67FE3FD7-E41E-4E5B-9DFD-2053BAC3460C} = {2C87C2A2-999C-46A4-B874-E9EB96DA1586}
		{4837915C-0306-4FF5-A4ED-4EC11AC320C9} = {67FE3FD7-E41E-4E5B-9DFD-2053BAC3460C}
		{2BB29A80-9BFF-4433-9772-49F37620860A} = {2C87C2A2-999C-46A4-B874-E9EB96DA1586}
		{474F0A5B-C20F-442E-BC38-FB1B0694A072} = {2BB29A80-9BFF-4433-9772-49F37620860A}
		{5AAFAF49-8B8D-46E0-9C1A-E84DA420553A} = {2C87C2A2-999C-46A4-B874-E9EB96DA1586}
		{38193FC6-B34C-47EB-92CB-BB6E5781E320} = {5AAFAF49-8B8D-46E0-9C1A-E84DA420553A}
		{6F0D5378-BA2D-4008-B487-921C6B584BD4} = {5AAFAF49-8B8D-46E0-9C1A-E84DA420553A}
		{00066ACD-E190-4FC8-87FA-193B4E2CEED5} = {2BB29A80-9BFF-4433-9772-49F37620860A}
		{A69315BD-35B1-4459-99E7-0E2554240795} = {B8C7DF8C-1435-4C0E-A0B8-710A159D907E}
		{9AB76815-6830-4AB2-B599-F8D2E81C1F44} = {A69315BD-35B1-4459-99E7-0E2554240795}
		{E4FCBE91-789D-48EC-ACEC-BF44A9551910} = {B8C7DF8C-1435-4C0E-A0B8-710A159D907E}
		{DDF51F3F-04B0-46D6-AF56-8653F824B86E} = {E4FCBE91-789D-48EC-ACEC-BF44A9551910}
		{16ABA936-6BE2-4E20-BB95-3848B8BA3650} = {E4FCBE91-789D-48EC-ACEC-BF44A9551910}
		{BC08954C-6F46-4B4E-B80B-F75BB11B54C4} = {B8C7DF8C-1435-4C0E-A0B8-710A159D907E}
		{3F4D865D-1A04-4BA0-BF36-7481E78DEAF5} = {BC08954C-6F46-4B4E-B80B-F75BB11B54C4}
		{B92CED72-656D-4615-940D-502F3AF5B086} = {BC08954C-6F46-4B4E-B80B-F75BB11B54C4}
	EndGlobalSection
	GlobalSection(ExtensibilityGlobals) = postSolution
		SolutionGuid = {47F8DAA5-7D28-4606-97A3-A6749EA34943}
	EndGlobalSection
EndGlobal
